{
  "nodes": {
    "__vscode_ms-python-pylint": {
      "flake": false,
      "locked": {
        "narHash": "sha256-rGq72APAph3+J+ggyyEBO3YokdVAS4CTxqRGc/aiwKY=",
        "type": "file",
        "url": "https://ms-python.gallery.vsassets.io/_apis/public/gallery/publisher/ms-python/extension/pylint/latest/assetbyname/Microsoft.VisualStudio.Services.VSIXPackage"
      },
      "original": {
        "type": "file",
        "url": "https://ms-python.gallery.vsassets.io/_apis/public/gallery/publisher/ms-python/extension/pylint/latest/assetbyname/Microsoft.VisualStudio.Services.VSIXPackage"
      }
    },
    "nixpkgs": {
      "locked": {
        "lastModified": 0,
        "narHash": "sha256-GNay7yDPtLcRcKCNHldug85AhAvBpTtPEJWSSDYBw8U=",
        "path": "/nix/store/yyddvwq452qsvpgb104mllpq0hkkmsqx-source",
        "type": "path"
      },
      "original": {
        "id": "nixpkgs",
        "type": "indirect"
      }
    },
    "phase2": {
      "inputs": {
        "__vscode_ms-python-pylint": "__vscode_ms-python-pylint"
      },
      "locked": {
        "lastModified": 1,
        "narHash": "sha256-5BM11plAjbumY0KNjiIU8qkq9+jasPb+q+zY+LuOsWs=",
        "path": "./.flox",
        "type": "path"
      },
      "original": {
        "path": "./.flox",
        "type": "path"
      }
    },
    "root": {
      "inputs": {
        "nixpkgs": "nixpkgs",
        "phase2": "phase2"
      }
    }
  },
  "root": "root",
  "version": 7
}
